// !$*UTF8*$!
{
	archiveVersion = 1;
	classes = {
	};
	objectVersion = 56;
	objects = {

/* Begin PBXBuildFile section */
		3F35FD272964A87C000B8254 /* HomeView.swift in Sources */ = {isa = PBXBuildFile; fileRef = 3F35FD262964A87C000B8254 /* HomeView.swift */; };
		3F35FD292964A919000B8254 /* TodoListView.swift in Sources */ = {isa = PBXBuildFile; fileRef = 3F35FD282964A919000B8254 /* TodoListView.swift */; };
		3F35FD2B2964A92D000B8254 /* TaskCellView.swift in Sources */ = {isa = PBXBuildFile; fileRef = 3F35FD2A2964A92D000B8254 /* TaskCellView.swift */; };
		3F35FD2D2964B600000B8254 /* NotesView.swift in Sources */ = {isa = PBXBuildFile; fileRef = 3F35FD2C2964B600000B8254 /* NotesView.swift */; };
		3FE9F851296479C60017F9E6 /* iAmSoTiredApp.swift in Sources */ = {isa = PBXBuildFile; fileRef = 3FE9F850296479C60017F9E6 /* iAmSoTiredApp.swift */; };
		3FE9F853296479C60017F9E6 /* ContentView.swift in Sources */ = {isa = PBXBuildFile; fileRef = 3FE9F852296479C60017F9E6 /* ContentView.swift */; };
		3FE9F855296479C70017F9E6 /* Assets.xcassets in Resources */ = {isa = PBXBuildFile; fileRef = 3FE9F854296479C70017F9E6 /* Assets.xcassets */; };
		3FE9F858296479C70017F9E6 /* Preview Assets.xcassets in Resources */ = {isa = PBXBuildFile; fileRef = 3FE9F857296479C70017F9E6 /* Preview Assets.xcassets */; };
		3FE9F860296479DA0017F9E6 /* Realm in Frameworks */ = {isa = PBXBuildFile; productRef = 3FE9F85F296479DA0017F9E6 /* Realm */; };
		3FE9F862296479DA0017F9E6 /* RealmSwift in Frameworks */ = {isa = PBXBuildFile; productRef = 3FE9F861296479DA0017F9E6 /* RealmSwift */; };
		3FE9F86429647A180017F9E6 /* Realm.plist in Resources */ = {isa = PBXBuildFile; fileRef = 3FE9F86329647A180017F9E6 /* Realm.plist */; };
		3FE9F86629647A530017F9E6 /* AppConfig.swift in Sources */ = {isa = PBXBuildFile; fileRef = 3FE9F86529647A530017F9E6 /* AppConfig.swift */; };
		3FE9F86829647ADD0017F9E6 /* OpenRealmView.swift in Sources */ = {isa = PBXBuildFile; fileRef = 3FE9F86729647ADD0017F9E6 /* OpenRealmView.swift */; };
		3FE9F86A29647AEB0017F9E6 /* ErrorView.swift in Sources */ = {isa = PBXBuildFile; fileRef = 3FE9F86929647AEB0017F9E6 /* ErrorView.swift */; };
		3FE9F86C2964857E0017F9E6 /* LogoutButton.swift in Sources */ = {isa = PBXBuildFile; fileRef = 3FE9F86B2964857E0017F9E6 /* LogoutButton.swift */; };
		3FE9F878296486680017F9E6 /* LoginView.swift in Sources */ = {isa = PBXBuildFile; fileRef = 3FE9F877296486680017F9E6 /* LoginView.swift */; };
		3FE9F87C29648DB60017F9E6 /* Models.swift in Sources */ = {isa = PBXBuildFile; fileRef = 3FE9F87B29648DB60017F9E6 /* Models.swift */; };
		3FE9F87E29648E7E0017F9E6 /* EmptyView.swift in Sources */ = {isa = PBXBuildFile; fileRef = 3FE9F87D29648E7E0017F9E6 /* EmptyView.swift */; };
/* End PBXBuildFile section */

/* Begin PBXFileReference section */
		3F35FD262964A87C000B8254 /* HomeView.swift */ = {isa = PBXFileReference; lastKnownFileType = sourcecode.swift; path = HomeView.swift; sourceTree = "<group>"; };
		3F35FD282964A919000B8254 /* TodoListView.swift */ = {isa = PBXFileReference; fileEncoding = 4; lastKnownFileType = sourcecode.swift; path = TodoListView.swift; sourceTree = "<group>"; };
		3F35FD2A2964A92D000B8254 /* TaskCellView.swift */ = {isa = PBXFileReference; fileEncoding = 4; lastKnownFileType = sourcecode.swift; path = TaskCellView.swift; sourceTree = "<group>"; };
		3F35FD2C2964B600000B8254 /* NotesView.swift */ = {isa = PBXFileReference; fileEncoding = 4; lastKnownFileType = sourcecode.swift; path = NotesView.swift; sourceTree = "<group>"; };
		3FE9F84D296479C60017F9E6 /* iAmSoTired.app */ = {isa = PBXFileReference; explicitFileType = wrapper.application; includeInIndex = 0; path = iAmSoTired.app; sourceTree = BUILT_PRODUCTS_DIR; };
		3FE9F850296479C60017F9E6 /* iAmSoTiredApp.swift */ = {isa = PBXFileReference; lastKnownFileType = sourcecode.swift; path = iAmSoTiredApp.swift; sourceTree = "<group>"; };
		3FE9F852296479C60017F9E6 /* ContentView.swift */ = {isa = PBXFileReference; lastKnownFileType = sourcecode.swift; path = ContentView.swift; sourceTree = "<group>"; };
		3FE9F854296479C70017F9E6 /* Assets.xcassets */ = {isa = PBXFileReference; lastKnownFileType = folder.assetcatalog; path = Assets.xcassets; sourceTree = "<group>"; };
		3FE9F857296479C70017F9E6 /* Preview Assets.xcassets */ = {isa = PBXFileReference; lastKnownFileType = folder.assetcatalog; path = "Preview Assets.xcassets"; sourceTree = "<group>"; };
		3FE9F86329647A180017F9E6 /* Realm.plist */ = {isa = PBXFileReference; fileEncoding = 4; lastKnownFileType = text.plist.xml; path = Realm.plist; sourceTree = "<group>"; };
		3FE9F86529647A530017F9E6 /* AppConfig.swift */ = {isa = PBXFileReference; fileEncoding = 4; lastKnownFileType = sourcecode.swift; path = AppConfig.swift; sourceTree = "<group>"; };
		3FE9F86729647ADD0017F9E6 /* OpenRealmView.swift */ = {isa = PBXFileReference; fileEncoding = 4; lastKnownFileType = sourcecode.swift; path = OpenRealmView.swift; sourceTree = "<group>"; };
		3FE9F86929647AEB0017F9E6 /* ErrorView.swift */ = {isa = PBXFileReference; fileEncoding = 4; lastKnownFileType = sourcecode.swift; path = ErrorView.swift; sourceTree = "<group>"; };
		3FE9F86B2964857E0017F9E6 /* LogoutButton.swift */ = {isa = PBXFileReference; fileEncoding = 4; lastKnownFileType = sourcecode.swift; path = LogoutButton.swift; sourceTree = "<group>"; };
		3FE9F877296486680017F9E6 /* LoginView.swift */ = {isa = PBXFileReference; fileEncoding = 4; lastKnownFileType = sourcecode.swift; path = LoginView.swift; sourceTree = "<group>"; };
		3FE9F87B29648DB60017F9E6 /* Models.swift */ = {isa = PBXFileReference; lastKnownFileType = sourcecode.swift; path = Models.swift; sourceTree = "<group>"; };
		3FE9F87D29648E7E0017F9E6 /* EmptyView.swift */ = {isa = PBXFileReference; fileEncoding = 4; lastKnownFileType = sourcecode.swift; path = EmptyView.swift; sourceTree = "<group>"; };
/* End PBXFileReference section */

/* Begin PBXFrameworksBuildPhase section */
		3FE9F84A296479C60017F9E6 /* Frameworks */ = {
			isa = PBXFrameworksBuildPhase;
			buildActionMask = 2147483647;
			files = (
				3FE9F862296479DA0017F9E6 /* RealmSwift in Frameworks */,
				3FE9F860296479DA0017F9E6 /* Realm in Frameworks */,
			);
			runOnlyForDeploymentPostprocessing = 0;
		};
/* End PBXFrameworksBuildPhase section */

/* Begin PBXGroup section */
		3F35FD242964A71E000B8254 /* AppOpening */ = {
			isa = PBXGroup;
			children = (
				3F35FD252964A75C000B8254 /* Views */,
				3FE9F86529647A530017F9E6 /* AppConfig.swift */,
				3FE9F87B29648DB60017F9E6 /* Models.swift */,
				3FE9F86929647AEB0017F9E6 /* ErrorView.swift */,
			);
			path = AppOpening;
			sourceTree = "<group>";
		};
		3F35FD252964A75C000B8254 /* Views */ = {
			isa = PBXGroup;
			children = (
				3FE9F877296486680017F9E6 /* LoginView.swift */,
				3FE9F86B2964857E0017F9E6 /* LogoutButton.swift */,
				3FE9F86729647ADD0017F9E6 /* OpenRealmView.swift */,
			);
			path = Views;
			sourceTree = "<group>";
		};
		3F54571C296C065E00044BEC /* Views */ = {
			isa = PBXGroup;
			children = (
				3F35FD262964A87C000B8254 /* HomeView.swift */,
				3F35FD282964A919000B8254 /* TodoListView.swift */,
				3F35FD2A2964A92D000B8254 /* TaskCellView.swift */,
				3F35FD2C2964B600000B8254 /* NotesView.swift */,
				3FE9F87D29648E7E0017F9E6 /* EmptyView.swift */,
			);
			path = Views;
			sourceTree = "<group>";
		};
		3FE9F844296479C60017F9E6 = {
			isa = PBXGroup;
			children = (
				3FE9F84F296479C60017F9E6 /* iAmSoTired */,
				3FE9F84E296479C60017F9E6 /* Products */,
			);
			sourceTree = "<group>";
		};
		3FE9F84E296479C60017F9E6 /* Products */ = {
			isa = PBXGroup;
			children = (
				3FE9F84D296479C60017F9E6 /* iAmSoTired.app */,
			);
			name = Products;
			sourceTree = "<group>";
		};
		3FE9F84F296479C60017F9E6 /* iAmSoTired */ = {
			isa = PBXGroup;
			children = (
				3FE9F850296479C60017F9E6 /* iAmSoTiredApp.swift */,
				3FE9F852296479C60017F9E6 /* ContentView.swift */,
				3F35FD242964A71E000B8254 /* AppOpening */,
				3F54571C296C065E00044BEC /* Views */,
				3FE9F856296479C70017F9E6 /* Preview Content */,
				3FE9F854296479C70017F9E6 /* Assets.xcassets */,
				3FE9F86329647A180017F9E6 /* Realm.plist */,
			);
			path = iAmSoTired;
			sourceTree = "<group>";
		};
		3FE9F856296479C70017F9E6 /* Preview Content */ = {
			isa = PBXGroup;
			children = (
				3FE9F857296479C70017F9E6 /* Preview Assets.xcassets */,
			);
			path = "Preview Content";
			sourceTree = "<group>";
		};
/* End PBXGroup section */

/* Begin PBXNativeTarget section */
		3FE9F84C296479C60017F9E6 /* iAmSoTired */ = {
			isa = PBXNativeTarget;
			buildConfigurationList = 3FE9F85B296479C70017F9E6 /* Build configuration list for PBXNativeTarget "iAmSoTired" */;
			buildPhases = (
				3FE9F849296479C60017F9E6 /* Sources */,
				3FE9F84A296479C60017F9E6 /* Frameworks */,
				3FE9F84B296479C60017F9E6 /* Resources */,
			);
			buildRules = (
			);
			dependencies = (
			);
			name = iAmSoTired;
			packageProductDependencies = (
				3FE9F85F296479DA0017F9E6 /* Realm */,
				3FE9F861296479DA0017F9E6 /* RealmSwift */,
			);
			productName = iAmSoTired;
			productReference = 3FE9F84D296479C60017F9E6 /* iAmSoTired.app */;
			productType = "com.apple.product-type.application";
		};
/* End PBXNativeTarget section */

/* Begin PBXProject section */
		3FE9F845296479C60017F9E6 /* Project object */ = {
			isa = PBXProject;
			attributes = {
				BuildIndependentTargetsInParallel = 1;
				LastSwiftUpdateCheck = 1420;
				LastUpgradeCheck = 1420;
				TargetAttributes = {
					3FE9F84C296479C60017F9E6 = {
						CreatedOnToolsVersion = 14.2;
					};
				};
			};
			buildConfigurationList = 3FE9F848296479C60017F9E6 /* Build configuration list for PBXProject "iAmSoTired" */;
			compatibilityVersion = "Xcode 14.0";
			developmentRegion = en;
			hasScannedForEncodings = 0;
			knownRegions = (
				en,
				Base,
			);
			mainGroup = 3FE9F844296479C60017F9E6;
			packageReferences = (
				3FE9F85E296479DA0017F9E6 /* XCRemoteSwiftPackageReference "realm-swift" */,
			);
			productRefGroup = 3FE9F84E296479C60017F9E6 /* Products */;
			projectDirPath = "";
			projectRoot = "";
			targets = (
				3FE9F84C296479C60017F9E6 /* iAmSoTired */,
			);
		};
/* End PBXProject section */

/* Begin PBXResourcesBuildPhase section */
		3FE9F84B296479C60017F9E6 /* Resources */ = {
			isa = PBXResourcesBuildPhase;
			buildActionMask = 2147483647;
			files = (
				3FE9F858296479C70017F9E6 /* Preview Assets.xcassets in Resources */,
				3FE9F855296479C70017F9E6 /* Assets.xcassets in Resources */,
				3FE9F86429647A180017F9E6 /* Realm.plist in Resources */,
			);
			runOnlyForDeploymentPostprocessing = 0;
		};
/* End PBXResourcesBuildPhase section */

/* Begin PBXSourcesBuildPhase section */
		3FE9F849296479C60017F9E6 /* Sources */ = {
			isa = PBXSourcesBuildPhase;
			buildActionMask = 2147483647;
			files = (
				3FE9F86A29647AEB0017F9E6 /* ErrorView.swift in Sources */,
				3FE9F87E29648E7E0017F9E6 /* EmptyView.swift in Sources */,
				3FE9F86C2964857E0017F9E6 /* LogoutButton.swift in Sources */,
				3F35FD272964A87C000B8254 /* HomeView.swift in Sources */,
				3F35FD292964A919000B8254 /* TodoListView.swift in Sources */,
				3FE9F86829647ADD0017F9E6 /* OpenRealmView.swift in Sources */,
				3FE9F86629647A530017F9E6 /* AppConfig.swift in Sources */,
				3FE9F878296486680017F9E6 /* LoginView.swift in Sources */,
				3FE9F87C29648DB60017F9E6 /* Models.swift in Sources */,
				3F35FD2D2964B600000B8254 /* NotesView.swift in Sources */,
				3FE9F853296479C60017F9E6 /* ContentView.swift in Sources */,
				3FE9F851296479C60017F9E6 /* iAmSoTiredApp.swift in Sources */,
				3F35FD2B2964A92D000B8254 /* TaskCellView.swift in Sources */,
			);
			runOnlyForDeploymentPostprocessing = 0;
		};
/* End PBXSourcesBuildPhase section */

/* Begin XCBuildConfiguration section */
		3FE9F859296479C70017F9E6 /* Debug */ = {
			isa = XCBuildConfiguration;
			buildSettings = {
				ALWAYS_SEARCH_USER_PATHS = NO;
				CLANG_ANALYZER_NONNULL = YES;
				CLANG_ANALYZER_NUMBER_OBJECT_CONVERSION = YES_AGGRESSIVE;
				CLANG_CXX_LANGUAGE_STANDARD = "gnu++20";
				CLANG_ENABLE_MODULES = YES;
				CLANG_ENABLE_OBJC_ARC = YES;
				CLANG_ENABLE_OBJC_WEAK = YES;
				CLANG_WARN_BLOCK_CAPTURE_AUTORELEASING = YES;
				CLANG_WARN_BOOL_CONVERSION = YES;
				CLANG_WARN_COMMA = YES;
				CLANG_WARN_CONSTANT_CONVERSION = YES;
				CLANG_WARN_DEPRECATED_OBJC_IMPLEMENTATIONS = YES;
				CLANG_WARN_DIRECT_OBJC_ISA_USAGE = YES_ERROR;
				CLANG_WARN_DOCUMENTATION_COMMENTS = YES;
				CLANG_WARN_EMPTY_BODY = YES;
				CLANG_WARN_ENUM_CONVERSION = YES;
				CLANG_WARN_INFINITE_RECURSION = YES;
				CLANG_WARN_INT_CONVERSION = YES;
				CLANG_WARN_NON_LITERAL_NULL_CONVERSION = YES;
				CLANG_WARN_OBJC_IMPLICIT_RETAIN_SELF = YES;
				CLANG_WARN_OBJC_LITERAL_CONVERSION = YES;
				CLANG_WARN_OBJC_ROOT_CLASS = YES_ERROR;
				CLANG_WARN_QUOTED_INCLUDE_IN_FRAMEWORK_HEADER = YES;
				CLANG_WARN_RANGE_LOOP_ANALYSIS = YES;
				CLANG_WARN_STRICT_PROTOTYPES = YES;
				CLANG_WARN_SUSPICIOUS_MOVE = YES;
				CLANG_WARN_UNGUARDED_AVAILABILITY = YES_AGGRESSIVE;
				CLANG_WARN_UNREACHABLE_CODE = YES;
				CLANG_WARN__DUPLICATE_METHOD_MATCH = YES;
				COPY_PHASE_STRIP = NO;
				DEBUG_INFORMATION_FORMAT = dwarf;
				ENABLE_STRICT_OBJC_MSGSEND = YES;
				ENABLE_TESTABILITY = YES;
				GCC_C_LANGUAGE_STANDARD = gnu11;
				GCC_DYNAMIC_NO_PIC = NO;
				GCC_NO_COMMON_BLOCKS = YES;
				GCC_OPTIMIZATION_LEVEL = 0;
				GCC_PREPROCESSOR_DEFINITIONS = (
					"DEBUG=1",
					"$(inherited)",
				);
				GCC_WARN_64_TO_32_BIT_CONVERSION = YES;
				GCC_WARN_ABOUT_RETURN_TYPE = YES_ERROR;
				GCC_WARN_UNDECLARED_SELECTOR = YES;
				GCC_WARN_UNINITIALIZED_AUTOS = YES_AGGRESSIVE;
				GCC_WARN_UNUSED_FUNCTION = YES;
				GCC_WARN_UNUSED_VARIABLE = YES;
				IPHONEOS_DEPLOYMENT_TARGET = 16.2;
				MTL_ENABLE_DEBUG_INFO = INCLUDE_SOURCE;
				MTL_FAST_MATH = YES;
				ONLY_ACTIVE_ARCH = YES;
				SDKROOT = iphoneos;
				SWIFT_ACTIVE_COMPILATION_CONDITIONS = DEBUG;
				SWIFT_OPTIMIZATION_LEVEL = "-Onone";
			};
			name = Debug;
		};
		3FE9F85A296479C70017F9E6 /* Release */ = {
			isa = XCBuildConfiguration;
			buildSettings = {
				ALWAYS_SEARCH_USER_PATHS = NO;
				CLANG_ANALYZER_NONNULL = YES;
				CLANG_ANALYZER_NUMBER_OBJECT_CONVERSION = YES_AGGRESSIVE;
				CLANG_CXX_LANGUAGE_STANDARD = "gnu++20";
				CLANG_ENABLE_MODULES = YES;
				CLANG_ENABLE_OBJC_ARC = YES;
				CLANG_ENABLE_OBJC_WEAK = YES;
				CLANG_WARN_BLOCK_CAPTURE_AUTORELEASING = YES;
				CLANG_WARN_BOOL_CONVERSION = YES;
				CLANG_WARN_COMMA = YES;
				CLANG_WARN_CONSTANT_CONVERSION = YES;
				CLANG_WARN_DEPRECATED_OBJC_IMPLEMENTATIONS = YES;
				CLANG_WARN_DIRECT_OBJC_ISA_USAGE = YES_ERROR;
				CLANG_WARN_DOCUMENTATION_COMMENTS = YES;
				CLANG_WARN_EMPTY_BODY = YES;
				CLANG_WARN_ENUM_CONVERSION = YES;
				CLANG_WARN_INFINITE_RECURSION = YES;
				CLANG_WARN_INT_CONVERSION = YES;
				CLANG_WARN_NON_LITERAL_NULL_CONVERSION = YES;
				CLANG_WARN_OBJC_IMPLICIT_RETAIN_SELF = YES;
				CLANG_WARN_OBJC_LITERAL_CONVERSION = YES;
				CLANG_WARN_OBJC_ROOT_CLASS = YES_ERROR;
				CLANG_WARN_QUOTED_INCLUDE_IN_FRAMEWORK_HEADER = YES;
				CLANG_WARN_RANGE_LOOP_ANALYSIS = YES;
				CLANG_WARN_STRICT_PROTOTYPES = YES;
				CLANG_WARN_SUSPICIOUS_MOVE = YES;
				CLANG_WARN_UNGUARDED_AVAILABILITY = YES_AGGRESSIVE;
				CLANG_WARN_UNREACHABLE_CODE = YES;
				CLANG_WARN__DUPLICATE_METHOD_MATCH = YES;
				COPY_PHASE_STRIP = NO;
				DEBUG_INFORMATION_FORMAT = "dwarf-with-dsym";
				ENABLE_NS_ASSERTIONS = NO;
				ENABLE_STRICT_OBJC_MSGSEND = YES;
				GCC_C_LANGUAGE_STANDARD = gnu11;
				GCC_NO_COMMON_BLOCKS = YES;
				GCC_WARN_64_TO_32_BIT_CONVERSION = YES;
				GCC_WARN_ABOUT_RETURN_TYPE = YES_ERROR;
				GCC_WARN_UNDECLARED_SELECTOR = YES;
				GCC_WARN_UNINITIALIZED_AUTOS = YES_AGGRESSIVE;
				GCC_WARN_UNUSED_FUNCTION = YES;
				GCC_WARN_UNUSED_VARIABLE = YES;
				IPHONEOS_DEPLOYMENT_TARGET = 16.2;
				MTL_ENABLE_DEBUG_INFO = NO;
				MTL_FAST_MATH = YES;
				SDKROOT = iphoneos;
				SWIFT_COMPILATION_MODE = wholemodule;
				SWIFT_OPTIMIZATION_LEVEL = "-O";
				VALIDATE_PRODUCT = YES;
			};
			name = Release;
		};
		3FE9F85C296479C70017F9E6 /* Debug */ = {
			isa = XCBuildConfiguration;
			buildSettings = {
				ASSETCATALOG_COMPILER_APPICON_NAME = AppIcon;
				ASSETCATALOG_COMPILER_GLOBAL_ACCENT_COLOR_NAME = AccentColor;
				CODE_SIGN_STYLE = Automatic;
				CURRENT_PROJECT_VERSION = 1;
				DEVELOPMENT_ASSET_PATHS = "\"iAmSoTired/Preview Content\"";
				DEVELOPMENT_TEAM = UBRTH86SZ3;
				ENABLE_PREVIEWS = YES;
				GENERATE_INFOPLIST_FILE = YES;
				INFOPLIST_KEY_UIApplicationSceneManifest_Generation = YES;
				INFOPLIST_KEY_UIApplicationSupportsIndirectInputEvents = YES;
				INFOPLIST_KEY_UILaunchScreen_Generation = YES;
				INFOPLIST_KEY_UISupportedInterfaceOrientations_iPad = "UIInterfaceOrientationPortrait UIInterfaceOrientationPortraitUpsideDown UIInterfaceOrientationLandscapeLeft UIInterfaceOrientationLandscapeRight";
				INFOPLIST_KEY_UISupportedInterfaceOrientations_iPhone = "UIInterfaceOrientationPortrait UIInterfaceOrientationLandscapeLeft UIInterfaceOrientationLandscapeRight";
				LD_RUNPATH_SEARCH_PATHS = (
					"$(inherited)",
					"@executable_path/Frameworks",
				);
				MARKETING_VERSION = 1.0;
				PRODUCT_BUNDLE_IDENTIFIER = kairatovalmat.iAmSoTired;
				PRODUCT_NAME = "$(TARGET_NAME)";
				SWIFT_EMIT_LOC_STRINGS = YES;
				SWIFT_VERSION = 5.0;
				TARGETED_DEVICE_FAMILY = "1,2";
			};
			name = Debug;
		};
		3FE9F85D296479C70017F9E6 /* Release */ = {
			isa = XCBuildConfiguration;
			buildSettings = {
				ASSETCATALOG_COMPILER_APPICON_NAME = AppIcon;
				ASSETCATALOG_COMPILER_GLOBAL_ACCENT_COLOR_NAME = AccentColor;
				CODE_SIGN_STYLE = Automatic;
				CURRENT_PROJECT_VERSION = 1;
				DEVELOPMENT_ASSET_PATHS = "\"iAmSoTired/Preview Content\"";
				DEVELOPMENT_TEAM = UBRTH86SZ3;
				ENABLE_PREVIEWS = YES;
				GENERATE_INFOPLIST_FILE = YES;
				INFOPLIST_KEY_UIApplicationSceneManifest_Generation = YES;
				INFOPLIST_KEY_UIApplicationSupportsIndirectInputEvents = YES;
				INFOPLIST_KEY_UILaunchScreen_Generation = YES;
				INFOPLIST_KEY_UISupportedInterfaceOrientations_iPad = "UIInterfaceOrientationPortrait UIInterfaceOrientationPortraitUpsideDown UIInterfaceOrientationLandscapeLeft UIInterfaceOrientationLandscapeRight";
				INFOPLIST_KEY_UISupportedInterfaceOrientations_iPhone = "UIInterfaceOrientationPortrait UIInterfaceOrientationLandscapeLeft UIInterfaceOrientationLandscapeRight";
				LD_RUNPATH_SEARCH_PATHS = (
					"$(inherited)",
					"@executable_path/Frameworks",
				);
				MARKETING_VERSION = 1.0;
				PRODUCT_BUNDLE_IDENTIFIER = kairatovalmat.iAmSoTired;
				PRODUCT_NAME = "$(TARGET_NAME)";
				SWIFT_EMIT_LOC_STRINGS = YES;
				SWIFT_VERSION = 5.0;
				TARGETED_DEVICE_FAMILY = "1,2";
			};
			name = Release;
		};
/* End XCBuildConfiguration section */

/* Begin XCConfigurationList section */
		3FE9F848296479C60017F9E6 /* Build configuration list for PBXProject "iAmSoTired" */ = {
			isa = XCConfigurationList;
			buildConfigurations = (
				3FE9F859296479C70017F9E6 /* Debug */,
				3FE9F85A296479C70017F9E6 /* Release */,
			);
			defaultConfigurationIsVisible = 0;
			defaultConfigurationName = Release;
		};
		3FE9F85B296479C70017F9E6 /* Build configuration list for PBXNativeTarget "iAmSoTired" */ = {
			isa = XCConfigurationList;
			buildConfigurations = (
				3FE9F85C296479C70017F9E6 /* Debug */,
				3FE9F85D296479C70017F9E6 /* Release */,
			);
			defaultConfigurationIsVisible = 0;
			defaultConfigurationName = Release;
		};
/* End XCConfigurationList section */

/* Begin XCRemoteSwiftPackageReference section */
		3FE9F85E296479DA0017F9E6 /* XCRemoteSwiftPackageReference "realm-swift" */ = {
			isa = XCRemoteSwiftPackageReference;
			repositoryURL = "https://github.com/realm/realm-swift.git";
			requirement = {
				branch = master;
				kind = branch;
			};
		};
/* End XCRemoteSwiftPackageReference section */

/* Begin XCSwiftPackageProductDependency section */
		3FE9F85F296479DA0017F9E6 /* Realm */ = {
			isa = XCSwiftPackageProductDependency;
			package = 3FE9F85E296479DA0017F9E6 /* XCRemoteSwiftPackageReference "realm-swift" */;
			productName = Realm;
		};
		3FE9F861296479DA0017F9E6 /* RealmSwift */ = {
			isa = XCSwiftPackageProductDependency;
			package = 3FE9F85E296479DA0017F9E6 /* XCRemoteSwiftPackageReference "realm-swift" */;
			productName = RealmSwift;
		};
/* End XCSwiftPackageProductDependency section */
	};
	rootObject = 3FE9F845296479C60017F9E6 /* Project object */;
}
